
Microsoft Visual Studio Solution File, Format Version 11.00
# Visual Studio 2010
Project("{FAE04EC0-301F-11D3-BF4B-00C04F79EFBC}") = "VS2010.LoadTests", "VS2010.LoadTests\VS2010.LoadTests.csproj", "{3BADA32A-AC22-4574-A43A-D164A63548A0}"
EndProject
Global
	GlobalSection(SolutionConfigurationPlatforms) = preSolution
		Debug|Any CPU = Debug|Any CPU
		Release|Any CPU = Release|Any CPU
	EndGlobalSection
	GlobalSection(ProjectConfigurationPlatforms) = postSolution
		{3BADA32A-AC22-4574-A43A-D164A63548A0}.Debug|Any CPU.ActiveCfg = Debug|Any CPU
		{3BADA32A-AC22-4574-A43A-D164A63548A0}.Debug|Any CPU.Build.0 = Debug|Any CPU
		{3BADA32A-AC22-4574-A43A-D164A63548A0}.Release|Any CPU.ActiveCfg = Release|Any CPU
		{3BADA32A-AC22-4574-A43A-D164A63548A0}.Release|Any CPU.Build.0 = Release|Any CPU
	EndGlobalSection
	GlobalSection(SolutionProperties) = preSolution
		HideSolutionNode = FALSE
	EndGlobalSection
EndGlobal
