
Microsoft Visual Studio Solution File, Format Version 11.00
# Visual Studio 2010
Project("{FAE04EC0-301F-11D3-BF4B-00C04F79EFBC}") = "AppMetrics.DataCollector", "AppMetrics.DataCollector\AppMetrics.DataCollector.csproj", "{136B2C53-0675-4BB0-9EB5-2406A0027794}"
EndProject
Project("{FAE04EC0-301F-11D3-BF4B-00C04F79EFBC}") = "DebugProject", "DebugProject\DebugProject.csproj", "{228924C1-162A-48BD-BEA9-770524A7C7CE}"
EndProject
Project("{FAE04EC0-301F-11D3-BF4B-00C04F79EFBC}") = "HeavyLoadTest", "HeavyLoadTest\HeavyLoadTest.csproj", "{A41DAFB7-A2D2-49D7-A952-A6AA41546348}"
EndProject
Project("{FAE04EC0-301F-11D3-BF4B-00C04F79EFBC}") = "AppMetrics.Client", "AppMetrics.Client\AppMetrics.Client.csproj", "{C331A108-6E8F-47AB-A043-723BE19AE51F}"
EndProject
Global
	GlobalSection(SolutionConfigurationPlatforms) = preSolution
		Debug|Any CPU = Debug|Any CPU
		Debug|Mixed Platforms = Debug|Mixed Platforms
		Debug|x86 = Debug|x86
		Release|Any CPU = Release|Any CPU
		Release|Mixed Platforms = Release|Mixed Platforms
		Release|x86 = Release|x86
	EndGlobalSection
	GlobalSection(ProjectConfigurationPlatforms) = postSolution
		{136B2C53-0675-4BB0-9EB5-2406A0027794}.Debug|Any CPU.ActiveCfg = Debug|Any CPU
		{136B2C53-0675-4BB0-9EB5-2406A0027794}.Debug|Any CPU.Build.0 = Debug|Any CPU
		{136B2C53-0675-4BB0-9EB5-2406A0027794}.Debug|Mixed Platforms.ActiveCfg = Debug|Any CPU
		{136B2C53-0675-4BB0-9EB5-2406A0027794}.Debug|Mixed Platforms.Build.0 = Debug|Any CPU
		{136B2C53-0675-4BB0-9EB5-2406A0027794}.Debug|x86.ActiveCfg = Debug|Any CPU
		{136B2C53-0675-4BB0-9EB5-2406A0027794}.Release|Any CPU.ActiveCfg = Release|Any CPU
		{136B2C53-0675-4BB0-9EB5-2406A0027794}.Release|Any CPU.Build.0 = Release|Any CPU
		{136B2C53-0675-4BB0-9EB5-2406A0027794}.Release|Mixed Platforms.ActiveCfg = Release|Any CPU
		{136B2C53-0675-4BB0-9EB5-2406A0027794}.Release|Mixed Platforms.Build.0 = Release|Any CPU
		{136B2C53-0675-4BB0-9EB5-2406A0027794}.Release|x86.ActiveCfg = Release|Any CPU
		{228924C1-162A-48BD-BEA9-770524A7C7CE}.Debug|Any CPU.ActiveCfg = Debug|x86
		{228924C1-162A-48BD-BEA9-770524A7C7CE}.Debug|Mixed Platforms.ActiveCfg = Debug|x86
		{228924C1-162A-48BD-BEA9-770524A7C7CE}.Debug|Mixed Platforms.Build.0 = Debug|x86
		{228924C1-162A-48BD-BEA9-770524A7C7CE}.Debug|x86.ActiveCfg = Debug|x86
		{228924C1-162A-48BD-BEA9-770524A7C7CE}.Debug|x86.Build.0 = Debug|x86
		{228924C1-162A-48BD-BEA9-770524A7C7CE}.Release|Any CPU.ActiveCfg = Release|x86
		{228924C1-162A-48BD-BEA9-770524A7C7CE}.Release|Mixed Platforms.ActiveCfg = Release|x86
		{228924C1-162A-48BD-BEA9-770524A7C7CE}.Release|Mixed Platforms.Build.0 = Release|x86
		{228924C1-162A-48BD-BEA9-770524A7C7CE}.Release|x86.ActiveCfg = Release|x86
		{228924C1-162A-48BD-BEA9-770524A7C7CE}.Release|x86.Build.0 = Release|x86
		{A41DAFB7-A2D2-49D7-A952-A6AA41546348}.Debug|Any CPU.ActiveCfg = Debug|x86
		{A41DAFB7-A2D2-49D7-A952-A6AA41546348}.Debug|Mixed Platforms.ActiveCfg = Debug|x86
		{A41DAFB7-A2D2-49D7-A952-A6AA41546348}.Debug|Mixed Platforms.Build.0 = Debug|x86
		{A41DAFB7-A2D2-49D7-A952-A6AA41546348}.Debug|x86.ActiveCfg = Debug|x86
		{A41DAFB7-A2D2-49D7-A952-A6AA41546348}.Debug|x86.Build.0 = Debug|x86
		{A41DAFB7-A2D2-49D7-A952-A6AA41546348}.Release|Any CPU.ActiveCfg = Release|x86
		{A41DAFB7-A2D2-49D7-A952-A6AA41546348}.Release|Mixed Platforms.ActiveCfg = Release|x86
		{A41DAFB7-A2D2-49D7-A952-A6AA41546348}.Release|Mixed Platforms.Build.0 = Release|x86
		{A41DAFB7-A2D2-49D7-A952-A6AA41546348}.Release|x86.ActiveCfg = Release|x86
		{A41DAFB7-A2D2-49D7-A952-A6AA41546348}.Release|x86.Build.0 = Release|x86
		{C331A108-6E8F-47AB-A043-723BE19AE51F}.Debug|Any CPU.ActiveCfg = Debug|Any CPU
		{C331A108-6E8F-47AB-A043-723BE19AE51F}.Debug|Any CPU.Build.0 = Debug|Any CPU
		{C331A108-6E8F-47AB-A043-723BE19AE51F}.Debug|Mixed Platforms.ActiveCfg = Debug|Any CPU
		{C331A108-6E8F-47AB-A043-723BE19AE51F}.Debug|Mixed Platforms.Build.0 = Debug|Any CPU
		{C331A108-6E8F-47AB-A043-723BE19AE51F}.Debug|x86.ActiveCfg = Debug|Any CPU
		{C331A108-6E8F-47AB-A043-723BE19AE51F}.Release|Any CPU.ActiveCfg = Release|Any CPU
		{C331A108-6E8F-47AB-A043-723BE19AE51F}.Release|Any CPU.Build.0 = Release|Any CPU
		{C331A108-6E8F-47AB-A043-723BE19AE51F}.Release|Mixed Platforms.ActiveCfg = Release|Any CPU
		{C331A108-6E8F-47AB-A043-723BE19AE51F}.Release|Mixed Platforms.Build.0 = Release|Any CPU
		{C331A108-6E8F-47AB-A043-723BE19AE51F}.Release|x86.ActiveCfg = Release|Any CPU
	EndGlobalSection
	GlobalSection(SolutionProperties) = preSolution
		HideSolutionNode = FALSE
	EndGlobalSection
EndGlobal
