
Microsoft Visual Studio Solution File, Format Version 11.00
# Visual Studio 2010
Project("{FAE04EC0-301F-11D3-BF4B-00C04F79EFBC}") = "DebugProject", "DebugProject\DebugProject.csproj", "{228924C1-162A-48BD-BEA9-770524A7C7CE}"
EndProject
Project("{FAE04EC0-301F-11D3-BF4B-00C04F79EFBC}") = "HeavyLoadTest", "HeavyLoadTest\HeavyLoadTest.csproj", "{A41DAFB7-A2D2-49D7-A952-A6AA41546348}"
EndProject
Project("{FAE04EC0-301F-11D3-BF4B-00C04F79EFBC}") = "AppMetrics.Client", "AppMetrics.Client\AppMetrics.Client.csproj", "{C331A108-6E8F-47AB-A043-723BE19AE51F}"
EndProject
Project("{FAE04EC0-301F-11D3-BF4B-00C04F79EFBC}") = "AppMetrics", "AppMetrics\AppMetrics.csproj", "{136B2C53-0675-4BB0-9EB5-2406A0027794}"
EndProject
Project("{2150E333-8FDC-42A3-9474-1A3956D46DE8}") = "Solution Items", "Solution Items", "{E2287790-94CB-440B-B27A-B05ABA8EEAE6}"
	ProjectSection(SolutionItems) = preProject
		AppMetrics.vsmdi = AppMetrics.vsmdi
		Local.testsettings = Local.testsettings
		README = README
		TraceAndTestImpact.testsettings = TraceAndTestImpact.testsettings
	EndProjectSection
EndProject
Project("{FAE04EC0-301F-11D3-BF4B-00C04F79EFBC}") = "Tests", "Tests\Tests.csproj", "{4DDCB86E-E148-4715-975E-C704B6AE6486}"
EndProject
Project("{2150E333-8FDC-42A3-9474-1A3956D46DE8}") = "Documentation", "Documentation", "{1F710A1D-A2FE-4A96-86E1-FC35E33F7747}"
	ProjectSection(SolutionItems) = preProject
		Documentation\TECHNICAL_GOALS.md = Documentation\TECHNICAL_GOALS.md
		Documentation\TECHNICAL_NOTES.md = Documentation\TECHNICAL_NOTES.md
		Documentation\VISION.md = Documentation\VISION.md
	EndProjectSection
EndProject
Project("{2150E333-8FDC-42A3-9474-1A3956D46DE8}") = "Build", "Build", "{321076B2-913F-4956-9BBE-3E22B5CFD3E7}"
	ProjectSection(SolutionItems) = preProject
		build.xml = build.xml
		properties.xml = properties.xml
		publishToNuGet.xml = publishToNuGet.xml
		test.xml = test.xml
	EndProjectSection
EndProject
Project("{FAE04EC0-301F-11D3-BF4B-00C04F79EFBC}") = "DataConvertor", "DataConvertor\DataConvertor.csproj", "{10FDF76A-C14A-4D04-B01D-669923868616}"
EndProject
Project("{FAE04EC0-301F-11D3-BF4B-00C04F79EFBC}") = "RESTWebServices.MVC.Default.Tests", "Tests\RESTWebServices.MVC.Default.Tests\RESTWebServices.MVC.Default.Tests.csproj", "{016FE959-B0CA-4F59-8B06-C6651C25873C}"
EndProject
Global
	GlobalSection(TestCaseManagementSettings) = postSolution
		CategoryFile = AppMetrics.vsmdi
	EndGlobalSection
	GlobalSection(SolutionConfigurationPlatforms) = preSolution
		Debug|Any CPU = Debug|Any CPU
		Release|Any CPU = Release|Any CPU
	EndGlobalSection
	GlobalSection(ProjectConfigurationPlatforms) = postSolution
		{228924C1-162A-48BD-BEA9-770524A7C7CE}.Debug|Any CPU.ActiveCfg = Debug|Any CPU
		{228924C1-162A-48BD-BEA9-770524A7C7CE}.Debug|Any CPU.Build.0 = Debug|Any CPU
		{228924C1-162A-48BD-BEA9-770524A7C7CE}.Release|Any CPU.ActiveCfg = Release|Any CPU
		{228924C1-162A-48BD-BEA9-770524A7C7CE}.Release|Any CPU.Build.0 = Release|Any CPU
		{A41DAFB7-A2D2-49D7-A952-A6AA41546348}.Debug|Any CPU.ActiveCfg = Debug|Any CPU
		{A41DAFB7-A2D2-49D7-A952-A6AA41546348}.Debug|Any CPU.Build.0 = Debug|Any CPU
		{A41DAFB7-A2D2-49D7-A952-A6AA41546348}.Release|Any CPU.ActiveCfg = Release|Any CPU
		{A41DAFB7-A2D2-49D7-A952-A6AA41546348}.Release|Any CPU.Build.0 = Release|Any CPU
		{C331A108-6E8F-47AB-A043-723BE19AE51F}.Debug|Any CPU.ActiveCfg = Debug|Any CPU
		{C331A108-6E8F-47AB-A043-723BE19AE51F}.Debug|Any CPU.Build.0 = Debug|Any CPU
		{C331A108-6E8F-47AB-A043-723BE19AE51F}.Release|Any CPU.ActiveCfg = Release|Any CPU
		{C331A108-6E8F-47AB-A043-723BE19AE51F}.Release|Any CPU.Build.0 = Release|Any CPU
		{136B2C53-0675-4BB0-9EB5-2406A0027794}.Debug|Any CPU.ActiveCfg = Debug|Any CPU
		{136B2C53-0675-4BB0-9EB5-2406A0027794}.Debug|Any CPU.Build.0 = Debug|Any CPU
		{136B2C53-0675-4BB0-9EB5-2406A0027794}.Release|Any CPU.ActiveCfg = Release|Any CPU
		{136B2C53-0675-4BB0-9EB5-2406A0027794}.Release|Any CPU.Build.0 = Release|Any CPU
		{4DDCB86E-E148-4715-975E-C704B6AE6486}.Debug|Any CPU.ActiveCfg = Debug|Any CPU
		{4DDCB86E-E148-4715-975E-C704B6AE6486}.Debug|Any CPU.Build.0 = Debug|Any CPU
		{4DDCB86E-E148-4715-975E-C704B6AE6486}.Release|Any CPU.ActiveCfg = Release|Any CPU
		{4DDCB86E-E148-4715-975E-C704B6AE6486}.Release|Any CPU.Build.0 = Release|Any CPU
		{10FDF76A-C14A-4D04-B01D-669923868616}.Debug|Any CPU.ActiveCfg = Debug|Any CPU
		{10FDF76A-C14A-4D04-B01D-669923868616}.Debug|Any CPU.Build.0 = Debug|Any CPU
		{10FDF76A-C14A-4D04-B01D-669923868616}.Release|Any CPU.ActiveCfg = Release|Any CPU
		{10FDF76A-C14A-4D04-B01D-669923868616}.Release|Any CPU.Build.0 = Release|Any CPU
		{016FE959-B0CA-4F59-8B06-C6651C25873C}.Debug|Any CPU.ActiveCfg = Debug|Any CPU
		{016FE959-B0CA-4F59-8B06-C6651C25873C}.Debug|Any CPU.Build.0 = Debug|Any CPU
		{016FE959-B0CA-4F59-8B06-C6651C25873C}.Release|Any CPU.ActiveCfg = Release|Any CPU
		{016FE959-B0CA-4F59-8B06-C6651C25873C}.Release|Any CPU.Build.0 = Release|Any CPU
	EndGlobalSection
	GlobalSection(SolutionProperties) = preSolution
		HideSolutionNode = FALSE
	EndGlobalSection
EndGlobal
